
Microsoft Visual Studio Solution File, Format Version 12.00
# Visual Studio 2013
VisualStudioVersion = 12.0.30501.0
MinimumVisualStudioVersion = 10.0.40219.1
Project("{FAE04EC0-301F-11D3-BF4B-00C04F79EFBC}") = "BL_WebApi2_OData.InMemory", "BL_WebApi2_OData.InMemory\BL_WebApi2_OData.InMemory.csproj", "{98B1634E-AE64-475A-A686-2BF4E5AAA45E}"
EndProject
Global
	GlobalSection(SolutionConfigurationPlatforms) = preSolution
		Debug|Any CPU = Debug|Any CPU
		Release|Any CPU = Release|Any CPU
	EndGlobalSection
	GlobalSection(ProjectConfigurationPlatforms) = postSolution
		{98B1634E-AE64-475A-A686-2BF4E5AAA45E}.Debug|Any CPU.ActiveCfg = Debug|Any CPU
		{98B1634E-AE64-475A-A686-2BF4E5AAA45E}.Debug|Any CPU.Build.0 = Debug|Any CPU
		{98B1634E-AE64-475A-A686-2BF4E5AAA45E}.Release|Any CPU.ActiveCfg = Release|Any CPU
		{98B1634E-AE64-475A-A686-2BF4E5AAA45E}.Release|Any CPU.Build.0 = Release|Any CPU
	EndGlobalSection
	GlobalSection(SolutionProperties) = preSolution
		HideSolutionNode = FALSE
	EndGlobalSection
EndGlobal
